
Microsoft Visual Studio Solution File, Format Version 12.00
# Visual Studio 15
VisualStudioVersion = 15.0.27428.2002
MinimumVisualStudioVersion = 10.0.40219.1
Project("{8BC9CEB8-8B4A-11D0-8D11-00A0C91BC942}") = "cardriving", "cardriving\cardriving.vcxproj", "{AA2392EC-5206-4A40-AC61-18F840CF9C48}"
EndProject
Global
	GlobalSection(SolutionConfigurationPlatforms) = preSolution
		Debug|x64 = Debug|x64
		Debug|x86 = Debug|x86
		Release|x64 = Release|x64
		Release|x86 = Release|x86
	EndGlobalSection
	GlobalSection(ProjectConfigurationPlatforms) = postSolution
		{AA2392EC-5206-4A40-AC61-18F840CF9C48}.Debug|x64.ActiveCfg = Debug|x64
		{AA2392EC-5206-4A40-AC61-18F840CF9C48}.Debug|x64.Build.0 = Debug|x64
		{AA2392EC-5206-4A40-AC61-18F840CF9C48}.Debug|x86.ActiveCfg = Debug|Win32
		{AA2392EC-5206-4A40-AC61-18F840CF9C48}.Debug|x86.Build.0 = Debug|Win32
		{AA2392EC-5206-4A40-AC61-18F840CF9C48}.Release|x64.ActiveCfg = Release|x64
		{AA2392EC-5206-4A40-AC61-18F840CF9C48}.Release|x64.Build.0 = Release|x64
		{AA2392EC-5206-4A40-AC61-18F840CF9C48}.Release|x86.ActiveCfg = Release|Win32
		{AA2392EC-5206-4A40-AC61-18F840CF9C48}.Release|x86.Build.0 = Release|Win32
	EndGlobalSection
	GlobalSection(SolutionProperties) = preSolution
		HideSolutionNode = FALSE
	EndGlobalSection
	GlobalSection(ExtensibilityGlobals) = postSolution
		SolutionGuid = {3E852204-0955-4E12-969B-0AF14AC03816}
	EndGlobalSection
EndGlobal
